
Microsoft Visual Studio Solution File, Format Version 12.00
# Visual Studio 15
VisualStudioVersion = 15.0.28307.852
MinimumVisualStudioVersion = 10.0.40219.1
Project("{FAE04EC0-301F-11D3-BF4B-00C04F79EFBC}") = "WebApplication3", "WebApplication3\WebApplication3.csproj", "{14BB4CF6-DAB7-4CA4-97CD-E58C94E084BF}"
EndProject
Global
	GlobalSection(SolutionConfigurationPlatforms) = preSolution
		Debug|Any CPU = Debug|Any CPU
		Release|Any CPU = Release|Any CPU
	EndGlobalSection
	GlobalSection(ProjectConfigurationPlatforms) = postSolution
		{14BB4CF6-DAB7-4CA4-97CD-E58C94E084BF}.Debug|Any CPU.ActiveCfg = Debug|Any CPU
		{14BB4CF6-DAB7-4CA4-97CD-E58C94E084BF}.Debug|Any CPU.Build.0 = Debug|Any CPU
		{14BB4CF6-DAB7-4CA4-97CD-E58C94E084BF}.Release|Any CPU.ActiveCfg = Release|Any CPU
		{14BB4CF6-DAB7-4CA4-97CD-E58C94E084BF}.Release|Any CPU.Build.0 = Release|Any CPU
	EndGlobalSection
	GlobalSection(SolutionProperties) = preSolution
		HideSolutionNode = FALSE
	EndGlobalSection
	GlobalSection(ExtensibilityGlobals) = postSolution
		SolutionGuid = {ABEC2886-391E-465F-88C9-B8CA6A5A304C}
	EndGlobalSection
EndGlobal
